
Microsoft Visual Studio Solution File, Format Version 12.00
# Visual Studio Version 17
VisualStudioVersion = 17.5.33502.453
MinimumVisualStudioVersion = 10.0.40219.1
Project("{FAE04EC0-301F-11D3-BF4B-00C04F79EFBC}") = "LocationsApi", "LocationsApi\LocationsApi.csproj", "{A25AF9CC-87EE-4EA6-9C89-13EDAD19B3D9}"
EndProject
Global
	GlobalSection(SolutionConfigurationPlatforms) = preSolution
		Debug|Any CPU = Debug|Any CPU
		Release|Any CPU = Release|Any CPU
	EndGlobalSection
	GlobalSection(ProjectConfigurationPlatforms) = postSolution
		{A25AF9CC-87EE-4EA6-9C89-13EDAD19B3D9}.Debug|Any CPU.ActiveCfg = Debug|Any CPU
		{A25AF9CC-87EE-4EA6-9C89-13EDAD19B3D9}.Debug|Any CPU.Build.0 = Debug|Any CPU
		{A25AF9CC-87EE-4EA6-9C89-13EDAD19B3D9}.Release|Any CPU.ActiveCfg = Release|Any CPU
		{A25AF9CC-87EE-4EA6-9C89-13EDAD19B3D9}.Release|Any CPU.Build.0 = Release|Any CPU
	EndGlobalSection
	GlobalSection(SolutionProperties) = preSolution
		HideSolutionNode = FALSE
	EndGlobalSection
	GlobalSection(ExtensibilityGlobals) = postSolution
		SolutionGuid = {08B1A3D7-2B2E-46B5-9A8D-5142A6C9A30A}
	EndGlobalSection
EndGlobal
